
Microsoft Visual Studio Solution File, Format Version 12.00
# Visual Studio Version 16
VisualStudioVersion = 16.0.31729.503
MinimumVisualStudioVersion = 10.0.40219.1
Project("{FAE04EC0-301F-11D3-BF4B-00C04F79EFBC}") = "88-MetodoSaludar", "88-MetodoSaludar.csproj", "{D51A9576-E175-420E-865A-452496CDE2DB}"
EndProject
Global
	GlobalSection(SolutionConfigurationPlatforms) = preSolution
		Debug|Any CPU = Debug|Any CPU
		Release|Any CPU = Release|Any CPU
	EndGlobalSection
	GlobalSection(ProjectConfigurationPlatforms) = postSolution
		{D51A9576-E175-420E-865A-452496CDE2DB}.Debug|Any CPU.ActiveCfg = Debug|Any CPU
		{D51A9576-E175-420E-865A-452496CDE2DB}.Debug|Any CPU.Build.0 = Debug|Any CPU
		{D51A9576-E175-420E-865A-452496CDE2DB}.Release|Any CPU.ActiveCfg = Release|Any CPU
		{D51A9576-E175-420E-865A-452496CDE2DB}.Release|Any CPU.Build.0 = Release|Any CPU
	EndGlobalSection
	GlobalSection(SolutionProperties) = preSolution
		HideSolutionNode = FALSE
	EndGlobalSection
	GlobalSection(ExtensibilityGlobals) = postSolution
		SolutionGuid = {042AC4DC-92C7-4C7C-9952-28BEBFF3227D}
	EndGlobalSection
EndGlobal
